github.com/SERV4BIZ/gfp/files v0.0.0-20210302061413-22d8c15af3fd h1:Ojgk7S4lXkXcRrtqDbpWEqduzzIGdVJVagQUUNvOs4Q=
github.com/SERV4BIZ/gfp/files v0.0.0-20210302061413-22d8c15af3fd/go.mod h1:ZDFxg0rNOeNT/uGGvG2YQ395F6x9yQd5rV6RR0Rjkfg=
github.com/google/uuid v1.2.0 h1:qJYtXnJRWmpe7m/3XlyhrsLrEURqHRM2kxzoxXqyUDs=
github.com/google/uuid v1.2.0/go.mod h1:TIyPZe4MgqvfeYDBFedMoGGpEw/LqOeaOT+nhxU+yHo=
